// !$*UTF8*$!
{
	archiveVersion = 1;
	classes = {
	};
	objectVersion = 56;
	objects = {

/* Begin PBXBuildFile section */
		188117202C18053000FD9C88 /* GoogleService-Info.plist in Resources */ = {isa = PBXBuildFile; fileRef = 1881171F2C18053000FD9C88 /* GoogleService-Info.plist */; };
		1899A3282C16A483003C8CD4 /* TrackActivityApp.swift in Sources */ = {isa = PBXBuildFile; fileRef = 1899A3272C16A483003C8CD4 /* TrackActivityApp.swift */; };
		1899A32A2C16A483003C8CD4 /* ContentView.swift in Sources */ = {isa = PBXBuildFile; fileRef = 1899A3292C16A483003C8CD4 /* ContentView.swift */; };
		1899A32C2C16A485003C8CD4 /* Assets.xcassets in Resources */ = {isa = PBXBuildFile; fileRef = 1899A32B2C16A485003C8CD4 /* Assets.xcassets */; };
		1899A32F2C16A485003C8CD4 /* Preview Assets.xcassets in Resources */ = {isa = PBXBuildFile; fileRef = 1899A32E2C16A485003C8CD4 /* Preview Assets.xcassets */; };
		1899A3372C16A4D6003C8CD4 /* LoginView.swift in Sources */ = {isa = PBXBuildFile; fileRef = 1899A3362C16A4D6003C8CD4 /* LoginView.swift */; };
		1899A3392C16A529003C8CD4 /* RegistrationView.swift in Sources */ = {isa = PBXBuildFile; fileRef = 1899A3382C16A529003C8CD4 /* RegistrationView.swift */; };
		1899A33B2C16AD9A003C8CD4 /* ActivityRowView.swift in Sources */ = {isa = PBXBuildFile; fileRef = 1899A33A2C16AD9A003C8CD4 /* ActivityRowView.swift */; };
		1899A33F2C16ADD2003C8CD4 /* Activity.swift in Sources */ = {isa = PBXBuildFile; fileRef = 1899A33E2C16ADD2003C8CD4 /* Activity.swift */; };
		1899A3432C16AE06003C8CD4 /* LandingPageView.swift in Sources */ = {isa = PBXBuildFile; fileRef = 1899A3422C16AE06003C8CD4 /* LandingPageView.swift */; };
		1899A3452C16AE25003C8CD4 /* StartActivityView.swift in Sources */ = {isa = PBXBuildFile; fileRef = 1899A3442C16AE25003C8CD4 /* StartActivityView.swift */; };
		1899A3482C16B685003C8CD4 /* LoginViewModel.swift in Sources */ = {isa = PBXBuildFile; fileRef = 1899A3472C16B685003C8CD4 /* LoginViewModel.swift */; };
		2098FA6E65E616D445ECFA94 /* Pods_TrackActivity.framework in Frameworks */ = {isa = PBXBuildFile; fileRef = A4D63304A51BF6EB7C927F1D /* Pods_TrackActivity.framework */; };
/* End PBXBuildFile section */

/* Begin PBXFileReference section */
		1881171F2C18053000FD9C88 /* GoogleService-Info.plist */ = {isa = PBXFileReference; fileEncoding = 4; lastKnownFileType = text.plist.xml; name = "GoogleService-Info.plist"; path = "../../../Downloads/GoogleService-Info.plist"; sourceTree = "<group>"; };
		1899A3242C16A483003C8CD4 /* TrackActivity.app */ = {isa = PBXFileReference; explicitFileType = wrapper.application; includeInIndex = 0; path = TrackActivity.app; sourceTree = BUILT_PRODUCTS_DIR; };
		1899A3272C16A483003C8CD4 /* TrackActivityApp.swift */ = {isa = PBXFileReference; lastKnownFileType = sourcecode.swift; path = TrackActivityApp.swift; sourceTree = "<group>"; };
		1899A3292C16A483003C8CD4 /* ContentView.swift */ = {isa = PBXFileReference; lastKnownFileType = sourcecode.swift; path = ContentView.swift; sourceTree = "<group>"; };
		1899A32B2C16A485003C8CD4 /* Assets.xcassets */ = {isa = PBXFileReference; lastKnownFileType = folder.assetcatalog; path = Assets.xcassets; sourceTree = "<group>"; };
		1899A32E2C16A485003C8CD4 /* Preview Assets.xcassets */ = {isa = PBXFileReference; lastKnownFileType = folder.assetcatalog; path = "Preview Assets.xcassets"; sourceTree = "<group>"; };
		1899A3362C16A4D6003C8CD4 /* LoginView.swift */ = {isa = PBXFileReference; lastKnownFileType = sourcecode.swift; path = LoginView.swift; sourceTree = "<group>"; };
		1899A3382C16A529003C8CD4 /* RegistrationView.swift */ = {isa = PBXFileReference; lastKnownFileType = sourcecode.swift; path = RegistrationView.swift; sourceTree = "<group>"; };
		1899A33A2C16AD9A003C8CD4 /* ActivityRowView.swift */ = {isa = PBXFileReference; lastKnownFileType = sourcecode.swift; path = ActivityRowView.swift; sourceTree = "<group>"; };
		1899A33E2C16ADD2003C8CD4 /* Activity.swift */ = {isa = PBXFileReference; lastKnownFileType = sourcecode.swift; path = Activity.swift; sourceTree = "<group>"; };
		1899A3422C16AE06003C8CD4 /* LandingPageView.swift */ = {isa = PBXFileReference; lastKnownFileType = sourcecode.swift; path = LandingPageView.swift; sourceTree = "<group>"; };
		1899A3442C16AE25003C8CD4 /* StartActivityView.swift */ = {isa = PBXFileReference; lastKnownFileType = sourcecode.swift; path = StartActivityView.swift; sourceTree = "<group>"; };
		1899A3472C16B685003C8CD4 /* LoginViewModel.swift */ = {isa = PBXFileReference; lastKnownFileType = sourcecode.swift; path = LoginViewModel.swift; sourceTree = "<group>"; };
		946C16D83AFCE65C76915102 /* Pods-TrackActivity.release.xcconfig */ = {isa = PBXFileReference; includeInIndex = 1; lastKnownFileType = text.xcconfig; name = "Pods-TrackActivity.release.xcconfig"; path = "Target Support Files/Pods-TrackActivity/Pods-TrackActivity.release.xcconfig"; sourceTree = "<group>"; };
		A4D63304A51BF6EB7C927F1D /* Pods_TrackActivity.framework */ = {isa = PBXFileReference; explicitFileType = wrapper.framework; includeInIndex = 0; path = Pods_TrackActivity.framework; sourceTree = BUILT_PRODUCTS_DIR; };
		AC95F9E274449D5AE23A4EEC /* Pods-TrackActivity.debug.xcconfig */ = {isa = PBXFileReference; includeInIndex = 1; lastKnownFileType = text.xcconfig; name = "Pods-TrackActivity.debug.xcconfig"; path = "Target Support Files/Pods-TrackActivity/Pods-TrackActivity.debug.xcconfig"; sourceTree = "<group>"; };
/* End PBXFileReference section */

/* Begin PBXFrameworksBuildPhase section */
		1899A3212C16A483003C8CD4 /* Frameworks */ = {
			isa = PBXFrameworksBuildPhase;
			buildActionMask = 2147483647;
			files = (
				2098FA6E65E616D445ECFA94 /* Pods_TrackActivity.framework in Frameworks */,
			);
			runOnlyForDeploymentPostprocessing = 0;
		};
/* End PBXFrameworksBuildPhase section */

/* Begin PBXGroup section */
		1899A31B2C16A483003C8CD4 = {
			isa = PBXGroup;
			children = (
				1899A3262C16A483003C8CD4 /* TrackActivity */,
				1899A3252C16A483003C8CD4 /* Products */,
				8A91B6B161E12E3FDD100AAE /* Pods */,
				522834989693A169E5F5C8BB /* Frameworks */,
			);
			sourceTree = "<group>";
		};
		1899A3252C16A483003C8CD4 /* Products */ = {
			isa = PBXGroup;
			children = (
				1899A3242C16A483003C8CD4 /* TrackActivity.app */,
			);
			name = Products;
			sourceTree = "<group>";
		};
		1899A3262C16A483003C8CD4 /* TrackActivity */ = {
			isa = PBXGroup;
			children = (
				1881171F2C18053000FD9C88 /* GoogleService-Info.plist */,
				1899A3462C16B675003C8CD4 /* ViewModel */,
				1899A33C2C16ADB5003C8CD4 /* Model */,
				1899A3352C16A4C8003C8CD4 /* View */,
				1899A3272C16A483003C8CD4 /* TrackActivityApp.swift */,
				1899A3292C16A483003C8CD4 /* ContentView.swift */,
				1899A32B2C16A485003C8CD4 /* Assets.xcassets */,
				1899A32D2C16A485003C8CD4 /* Preview Content */,
			);
			path = TrackActivity;
			sourceTree = "<group>";
		};
		1899A32D2C16A485003C8CD4 /* Preview Content */ = {
			isa = PBXGroup;
			children = (
				1899A32E2C16A485003C8CD4 /* Preview Assets.xcassets */,
			);
			path = "Preview Content";
			sourceTree = "<group>";
		};
		1899A3352C16A4C8003C8CD4 /* View */ = {
			isa = PBXGroup;
			children = (
				1899A3362C16A4D6003C8CD4 /* LoginView.swift */,
				1899A3382C16A529003C8CD4 /* RegistrationView.swift */,
				1899A33A2C16AD9A003C8CD4 /* ActivityRowView.swift */,
				1899A3422C16AE06003C8CD4 /* LandingPageView.swift */,
				1899A3442C16AE25003C8CD4 /* StartActivityView.swift */,
			);
			path = View;
			sourceTree = "<group>";
		};
		1899A33C2C16ADB5003C8CD4 /* Model */ = {
			isa = PBXGroup;
			children = (
				1899A33E2C16ADD2003C8CD4 /* Activity.swift */,
			);
			path = Model;
			sourceTree = "<group>";
		};
		1899A3462C16B675003C8CD4 /* ViewModel */ = {
			isa = PBXGroup;
			children = (
				1899A3472C16B685003C8CD4 /* LoginViewModel.swift */,
			);
			path = ViewModel;
			sourceTree = "<group>";
		};
		522834989693A169E5F5C8BB /* Frameworks */ = {
			isa = PBXGroup;
			children = (
				A4D63304A51BF6EB7C927F1D /* Pods_TrackActivity.framework */,
			);
			name = Frameworks;
			sourceTree = "<group>";
		};
		8A91B6B161E12E3FDD100AAE /* Pods */ = {
			isa = PBXGroup;
			children = (
				AC95F9E274449D5AE23A4EEC /* Pods-TrackActivity.debug.xcconfig */,
				946C16D83AFCE65C76915102 /* Pods-TrackActivity.release.xcconfig */,
			);
			path = Pods;
			sourceTree = "<group>";
		};
/* End PBXGroup section */

/* Begin PBXNativeTarget section */
		1899A3232C16A483003C8CD4 /* TrackActivity */ = {
			isa = PBXNativeTarget;
			buildConfigurationList = 1899A3322C16A485003C8CD4 /* Build configuration list for PBXNativeTarget "TrackActivity" */;
			buildPhases = (
				BD53826C12EA423CA0735433 /* [CP] Check Pods Manifest.lock */,
				1899A3202C16A483003C8CD4 /* Sources */,
				1899A3212C16A483003C8CD4 /* Frameworks */,
				1899A3222C16A483003C8CD4 /* Resources */,
				2310701FA8657EE087635E51 /* [CP] Embed Pods Frameworks */,
			);
			buildRules = (
			);
			dependencies = (
			);
			name = TrackActivity;
			productName = TrackActivity;
			productReference = 1899A3242C16A483003C8CD4 /* TrackActivity.app */;
			productType = "com.apple.product-type.application";
		};
/* End PBXNativeTarget section */

/* Begin PBXProject section */
		1899A31C2C16A483003C8CD4 /* Project object */ = {
			isa = PBXProject;
			attributes = {
				BuildIndependentTargetsInParallel = 1;
				LastSwiftUpdateCheck = 1530;
				LastUpgradeCheck = 1530;
				TargetAttributes = {
					1899A3232C16A483003C8CD4 = {
						CreatedOnToolsVersion = 15.3;
					};
				};
			};
			buildConfigurationList = 1899A31F2C16A483003C8CD4 /* Build configuration list for PBXProject "TrackActivity" */;
			compatibilityVersion = "Xcode 14.0";
			developmentRegion = en;
			hasScannedForEncodings = 0;
			knownRegions = (
				en,
				Base,
			);
			mainGroup = 1899A31B2C16A483003C8CD4;
			productRefGroup = 1899A3252C16A483003C8CD4 /* Products */;
			projectDirPath = "";
			projectRoot = "";
			targets = (
				1899A3232C16A483003C8CD4 /* TrackActivity */,
			);
		};
/* End PBXProject section */

/* Begin PBXResourcesBuildPhase section */
		1899A3222C16A483003C8CD4 /* Resources */ = {
			isa = PBXResourcesBuildPhase;
			buildActionMask = 2147483647;
			files = (
				1899A32F2C16A485003C8CD4 /* Preview Assets.xcassets in Resources */,
				1899A32C2C16A485003C8CD4 /* Assets.xcassets in Resources */,
				188117202C18053000FD9C88 /* GoogleService-Info.plist in Resources */,
			);
			runOnlyForDeploymentPostprocessing = 0;
		};
/* End PBXResourcesBuildPhase section */

/* Begin PBXShellScriptBuildPhase section */
		2310701FA8657EE087635E51 /* [CP] Embed Pods Frameworks */ = {
			isa = PBXShellScriptBuildPhase;
			buildActionMask = 2147483647;
			files = (
			);
			inputFileListPaths = (
				"${PODS_ROOT}/Target Support Files/Pods-TrackActivity/Pods-TrackActivity-frameworks-${CONFIGURATION}-input-files.xcfilelist",
			);
			name = "[CP] Embed Pods Frameworks";
			outputFileListPaths = (
				"${PODS_ROOT}/Target Support Files/Pods-TrackActivity/Pods-TrackActivity-frameworks-${CONFIGURATION}-output-files.xcfilelist",
			);
			runOnlyForDeploymentPostprocessing = 0;
			shellPath = /bin/sh;
			shellScript = "\"${PODS_ROOT}/Target Support Files/Pods-TrackActivity/Pods-TrackActivity-frameworks.sh\"\n";
			showEnvVarsInLog = 0;
		};
		BD53826C12EA423CA0735433 /* [CP] Check Pods Manifest.lock */ = {
			isa = PBXShellScriptBuildPhase;
			buildActionMask = 2147483647;
			files = (
			);
			inputFileListPaths = (
			);
			inputPaths = (
				"${PODS_PODFILE_DIR_PATH}/Podfile.lock",
				"${PODS_ROOT}/Manifest.lock",
			);
			name = "[CP] Check Pods Manifest.lock";
			outputFileListPaths = (
			);
			outputPaths = (
				"$(DERIVED_FILE_DIR)/Pods-TrackActivity-checkManifestLockResult.txt",
			);
			runOnlyForDeploymentPostprocessing = 0;
			shellPath = /bin/sh;
			shellScript = "diff \"${PODS_PODFILE_DIR_PATH}/Podfile.lock\" \"${PODS_ROOT}/Manifest.lock\" > /dev/null\nif [ $? != 0 ] ; then\n    # print error to STDERR\n    echo \"error: The sandbox is not in sync with the Podfile.lock. Run 'pod install' or update your CocoaPods installation.\" >&2\n    exit 1\nfi\n# This output is used by Xcode 'outputs' to avoid re-running this script phase.\necho \"SUCCESS\" > \"${SCRIPT_OUTPUT_FILE_0}\"\n";
			showEnvVarsInLog = 0;
		};
/* End PBXShellScriptBuildPhase section */

/* Begin PBXSourcesBuildPhase section */
		1899A3202C16A483003C8CD4 /* Sources */ = {
			isa = PBXSourcesBuildPhase;
			buildActionMask = 2147483647;
			files = (
				1899A3452C16AE25003C8CD4 /* StartActivityView.swift in Sources */,
				1899A33F2C16ADD2003C8CD4 /* Activity.swift in Sources */,
				1899A3372C16A4D6003C8CD4 /* LoginView.swift in Sources */,
				1899A32A2C16A483003C8CD4 /* ContentView.swift in Sources */,
				1899A33B2C16AD9A003C8CD4 /* ActivityRowView.swift in Sources */,
				1899A3432C16AE06003C8CD4 /* LandingPageView.swift in Sources */,
				1899A3282C16A483003C8CD4 /* TrackActivityApp.swift in Sources */,
				1899A3392C16A529003C8CD4 /* RegistrationView.swift in Sources */,
				1899A3482C16B685003C8CD4 /* LoginViewModel.swift in Sources */,
			);
			runOnlyForDeploymentPostprocessing = 0;
		};
/* End PBXSourcesBuildPhase section */

/* Begin XCBuildConfiguration section */
		1899A3302C16A485003C8CD4 /* Debug */ = {
			isa = XCBuildConfiguration;
			buildSettings = {
				ALWAYS_SEARCH_USER_PATHS = NO;
				ASSETCATALOG_COMPILER_GENERATE_SWIFT_ASSET_SYMBOL_EXTENSIONS = YES;
				CLANG_ANALYZER_NONNULL = YES;
				CLANG_ANALYZER_NUMBER_OBJECT_CONVERSION = YES_AGGRESSIVE;
				CLANG_CXX_LANGUAGE_STANDARD = "gnu++20";
				CLANG_ENABLE_MODULES = YES;
				CLANG_ENABLE_OBJC_ARC = YES;
				CLANG_ENABLE_OBJC_WEAK = YES;
				CLANG_WARN_BLOCK_CAPTURE_AUTORELEASING = YES;
				CLANG_WARN_BOOL_CONVERSION = YES;
				CLANG_WARN_COMMA = YES;
				CLANG_WARN_CONSTANT_CONVERSION = YES;
				CLANG_WARN_DEPRECATED_OBJC_IMPLEMENTATIONS = YES;
				CLANG_WARN_DIRECT_OBJC_ISA_USAGE = YES_ERROR;
				CLANG_WARN_DOCUMENTATION_COMMENTS = YES;
				CLANG_WARN_EMPTY_BODY = YES;
				CLANG_WARN_ENUM_CONVERSION = YES;
				CLANG_WARN_INFINITE_RECURSION = YES;
				CLANG_WARN_INT_CONVERSION = YES;
				CLANG_WARN_NON_LITERAL_NULL_CONVERSION = YES;
				CLANG_WARN_OBJC_IMPLICIT_RETAIN_SELF = YES;
				CLANG_WARN_OBJC_LITERAL_CONVERSION = YES;
				CLANG_WARN_OBJC_ROOT_CLASS = YES_ERROR;
				CLANG_WARN_QUOTED_INCLUDE_IN_FRAMEWORK_HEADER = YES;
				CLANG_WARN_RANGE_LOOP_ANALYSIS = YES;
				CLANG_WARN_STRICT_PROTOTYPES = YES;
				CLANG_WARN_SUSPICIOUS_MOVE = YES;
				CLANG_WARN_UNGUARDED_AVAILABILITY = YES_AGGRESSIVE;
				CLANG_WARN_UNREACHABLE_CODE = YES;
				CLANG_WARN__DUPLICATE_METHOD_MATCH = YES;
				COPY_PHASE_STRIP = NO;
				DEBUG_INFORMATION_FORMAT = dwarf;
				ENABLE_STRICT_OBJC_MSGSEND = YES;
				ENABLE_TESTABILITY = YES;
				ENABLE_USER_SCRIPT_SANDBOXING = NO;
				GCC_C_LANGUAGE_STANDARD = gnu17;
				GCC_DYNAMIC_NO_PIC = NO;
				GCC_NO_COMMON_BLOCKS = YES;
				GCC_OPTIMIZATION_LEVEL = 0;
				GCC_PREPROCESSOR_DEFINITIONS = (
					"DEBUG=1",
					"$(inherited)",
				);
				GCC_WARN_64_TO_32_BIT_CONVERSION = YES;
				GCC_WARN_ABOUT_RETURN_TYPE = YES_ERROR;
				GCC_WARN_UNDECLARED_SELECTOR = YES;
				GCC_WARN_UNINITIALIZED_AUTOS = YES_AGGRESSIVE;
				GCC_WARN_UNUSED_FUNCTION = YES;
				GCC_WARN_UNUSED_VARIABLE = YES;
				IPHONEOS_DEPLOYMENT_TARGET = 17.4;
				LOCALIZATION_PREFERS_STRING_CATALOGS = YES;
				MTL_ENABLE_DEBUG_INFO = INCLUDE_SOURCE;
				MTL_FAST_MATH = YES;
				ONLY_ACTIVE_ARCH = YES;
				SDKROOT = iphoneos;
				SWIFT_ACTIVE_COMPILATION_CONDITIONS = "DEBUG $(inherited)";
				SWIFT_OPTIMIZATION_LEVEL = "-Onone";
			};
			name = Debug;
		};
		1899A3312C16A485003C8CD4 /* Release */ = {
			isa = XCBuildConfiguration;
			buildSettings = {
				ALWAYS_SEARCH_USER_PATHS = NO;
				ASSETCATALOG_COMPILER_GENERATE_SWIFT_ASSET_SYMBOL_EXTENSIONS = YES;
				CLANG_ANALYZER_NONNULL = YES;
				CLANG_ANALYZER_NUMBER_OBJECT_CONVERSION = YES_AGGRESSIVE;
				CLANG_CXX_LANGUAGE_STANDARD = "gnu++20";
				CLANG_ENABLE_MODULES = YES;
				CLANG_ENABLE_OBJC_ARC = YES;
				CLANG_ENABLE_OBJC_WEAK = YES;
				CLANG_WARN_BLOCK_CAPTURE_AUTORELEASING = YES;
				CLANG_WARN_BOOL_CONVERSION = YES;
				CLANG_WARN_COMMA = YES;
				CLANG_WARN_CONSTANT_CONVERSION = YES;
				CLANG_WARN_DEPRECATED_OBJC_IMPLEMENTATIONS = YES;
				CLANG_WARN_DIRECT_OBJC_ISA_USAGE = YES_ERROR;
				CLANG_WARN_DOCUMENTATION_COMMENTS = YES;
				CLANG_WARN_EMPTY_BODY = YES;
				CLANG_WARN_ENUM_CONVERSION = YES;
				CLANG_WARN_INFINITE_RECURSION = YES;
				CLANG_WARN_INT_CONVERSION = YES;
				CLANG_WARN_NON_LITERAL_NULL_CONVERSION = YES;
				CLANG_WARN_OBJC_IMPLICIT_RETAIN_SELF = YES;
				CLANG_WARN_OBJC_LITERAL_CONVERSION = YES;
				CLANG_WARN_OBJC_ROOT_CLASS = YES_ERROR;
				CLANG_WARN_QUOTED_INCLUDE_IN_FRAMEWORK_HEADER = YES;
				CLANG_WARN_RANGE_LOOP_ANALYSIS = YES;
				CLANG_WARN_STRICT_PROTOTYPES = YES;
				CLANG_WARN_SUSPICIOUS_MOVE = YES;
				CLANG_WARN_UNGUARDED_AVAILABILITY = YES_AGGRESSIVE;
				CLANG_WARN_UNREACHABLE_CODE = YES;
				CLANG_WARN__DUPLICATE_METHOD_MATCH = YES;
				COPY_PHASE_STRIP = NO;
				DEBUG_INFORMATION_FORMAT = "dwarf-with-dsym";
				ENABLE_NS_ASSERTIONS = NO;
				ENABLE_STRICT_OBJC_MSGSEND = YES;
				ENABLE_USER_SCRIPT_SANDBOXING = NO;
				GCC_C_LANGUAGE_STANDARD = gnu17;
				GCC_NO_COMMON_BLOCKS = YES;
				GCC_WARN_64_TO_32_BIT_CONVERSION = YES;
				GCC_WARN_ABOUT_RETURN_TYPE = YES_ERROR;
				GCC_WARN_UNDECLARED_SELECTOR = YES;
				GCC_WARN_UNINITIALIZED_AUTOS = YES_AGGRESSIVE;
				GCC_WARN_UNUSED_FUNCTION = YES;
				GCC_WARN_UNUSED_VARIABLE = YES;
				IPHONEOS_DEPLOYMENT_TARGET = 17.4;
				LOCALIZATION_PREFERS_STRING_CATALOGS = YES;
				MTL_ENABLE_DEBUG_INFO = NO;
				MTL_FAST_MATH = YES;
				SDKROOT = iphoneos;
				SWIFT_COMPILATION_MODE = wholemodule;
				VALIDATE_PRODUCT = YES;
			};
			name = Release;
		};
		1899A3332C16A485003C8CD4 /* Debug */ = {
			isa = XCBuildConfiguration;
			baseConfigurationReference = AC95F9E274449D5AE23A4EEC /* Pods-TrackActivity.debug.xcconfig */;
			buildSettings = {
				ASSETCATALOG_COMPILER_APPICON_NAME = AppIcon;
				ASSETCATALOG_COMPILER_GLOBAL_ACCENT_COLOR_NAME = AccentColor;
				CODE_SIGN_STYLE = Automatic;
				CURRENT_PROJECT_VERSION = 1;
				DEVELOPMENT_ASSET_PATHS = "\"TrackActivity/Preview Content\"";
				DEVELOPMENT_TEAM = FY546HH323;
				ENABLE_PREVIEWS = YES;
				GENERATE_INFOPLIST_FILE = YES;
				INFOPLIST_KEY_UIApplicationSceneManifest_Generation = YES;
				INFOPLIST_KEY_UIApplicationSupportsIndirectInputEvents = YES;
				INFOPLIST_KEY_UILaunchScreen_Generation = YES;
				INFOPLIST_KEY_UISupportedInterfaceOrientations_iPad = "UIInterfaceOrientationPortrait UIInterfaceOrientationPortraitUpsideDown UIInterfaceOrientationLandscapeLeft UIInterfaceOrientationLandscapeRight";
				INFOPLIST_KEY_UISupportedInterfaceOrientations_iPhone = "UIInterfaceOrientationPortrait UIInterfaceOrientationLandscapeLeft UIInterfaceOrientationLandscapeRight";
				LD_RUNPATH_SEARCH_PATHS = (
					"$(inherited)",
					"@executable_path/Frameworks",
				);
				MARKETING_VERSION = 1.0;
				PRODUCT_BUNDLE_IDENTIFIER = com.thumb.TrackActivity;
				PRODUCT_NAME = "$(TARGET_NAME)";
				SWIFT_EMIT_LOC_STRINGS = YES;
				SWIFT_VERSION = 5.0;
				TARGETED_DEVICE_FAMILY = "1,2";
			};
			name = Debug;
		};
		1899A3342C16A485003C8CD4 /* Release */ = {
			isa = XCBuildConfiguration;
			baseConfigurationReference = 946C16D83AFCE65C76915102 /* Pods-TrackActivity.release.xcconfig */;
			buildSettings = {
				ASSETCATALOG_COMPILER_APPICON_NAME = AppIcon;
				ASSETCATALOG_COMPILER_GLOBAL_ACCENT_COLOR_NAME = AccentColor;
				CODE_SIGN_STYLE = Automatic;
				CURRENT_PROJECT_VERSION = 1;
				DEVELOPMENT_ASSET_PATHS = "\"TrackActivity/Preview Content\"";
				DEVELOPMENT_TEAM = FY546HH323;
				ENABLE_PREVIEWS = YES;
				GENERATE_INFOPLIST_FILE = YES;
				INFOPLIST_KEY_UIApplicationSceneManifest_Generation = YES;
				INFOPLIST_KEY_UIApplicationSupportsIndirectInputEvents = YES;
				INFOPLIST_KEY_UILaunchScreen_Generation = YES;
				INFOPLIST_KEY_UISupportedInterfaceOrientations_iPad = "UIInterfaceOrientationPortrait UIInterfaceOrientationPortraitUpsideDown UIInterfaceOrientationLandscapeLeft UIInterfaceOrientationLandscapeRight";
				INFOPLIST_KEY_UISupportedInterfaceOrientations_iPhone = "UIInterfaceOrientationPortrait UIInterfaceOrientationLandscapeLeft UIInterfaceOrientationLandscapeRight";
				LD_RUNPATH_SEARCH_PATHS = (
					"$(inherited)",
					"@executable_path/Frameworks",
				);
				MARKETING_VERSION = 1.0;
				PRODUCT_BUNDLE_IDENTIFIER = com.thumb.TrackActivity;
				PRODUCT_NAME = "$(TARGET_NAME)";
				SWIFT_EMIT_LOC_STRINGS = YES;
				SWIFT_VERSION = 5.0;
				TARGETED_DEVICE_FAMILY = "1,2";
			};
			name = Release;
		};
/* End XCBuildConfiguration section */

/* Begin XCConfigurationList section */
		1899A31F2C16A483003C8CD4 /* Build configuration list for PBXProject "TrackActivity" */ = {
			isa = XCConfigurationList;
			buildConfigurations = (
				1899A3302C16A485003C8CD4 /* Debug */,
				1899A3312C16A485003C8CD4 /* Release */,
			);
			defaultConfigurationIsVisible = 0;
			defaultConfigurationName = Release;
		};
		1899A3322C16A485003C8CD4 /* Build configuration list for PBXNativeTarget "TrackActivity" */ = {
			isa = XCConfigurationList;
			buildConfigurations = (
				1899A3332C16A485003C8CD4 /* Debug */,
				1899A3342C16A485003C8CD4 /* Release */,
			);
			defaultConfigurationIsVisible = 0;
			defaultConfigurationName = Release;
		};
/* End XCConfigurationList section */
	};
	rootObject = 1899A31C2C16A483003C8CD4 /* Project object */;
}
